
Microsoft Visual Studio Solution File, Format Version 12.00
# Visual Studio Version 16
VisualStudioVersion = 16.0.31112.23
MinimumVisualStudioVersion = 10.0.40219.1
Project("{FAE04EC0-301F-11D3-BF4B-00C04F79EFBC}") = "Persontoken", "Persontoken\Persontoken.csproj", "{45E396E0-C17A-4A0F-9662-6EBDBAFA59FC}"
EndProject
Project("{FAE04EC0-301F-11D3-BF4B-00C04F79EFBC}") = "Webpersontoken", "Webpersontoken\Webpersontoken.csproj", "{C8E12978-4A44-44C1-A86C-4F013D278188}"
EndProject
Global
	GlobalSection(SolutionConfigurationPlatforms) = preSolution
		Debug|Any CPU = Debug|Any CPU
		Release|Any CPU = Release|Any CPU
	EndGlobalSection
	GlobalSection(ProjectConfigurationPlatforms) = postSolution
		{45E396E0-C17A-4A0F-9662-6EBDBAFA59FC}.Debug|Any CPU.ActiveCfg = Debug|Any CPU
		{45E396E0-C17A-4A0F-9662-6EBDBAFA59FC}.Debug|Any CPU.Build.0 = Debug|Any CPU
		{45E396E0-C17A-4A0F-9662-6EBDBAFA59FC}.Release|Any CPU.ActiveCfg = Release|Any CPU
		{45E396E0-C17A-4A0F-9662-6EBDBAFA59FC}.Release|Any CPU.Build.0 = Release|Any CPU
		{C8E12978-4A44-44C1-A86C-4F013D278188}.Debug|Any CPU.ActiveCfg = Debug|Any CPU
		{C8E12978-4A44-44C1-A86C-4F013D278188}.Debug|Any CPU.Build.0 = Debug|Any CPU
		{C8E12978-4A44-44C1-A86C-4F013D278188}.Release|Any CPU.ActiveCfg = Release|Any CPU
		{C8E12978-4A44-44C1-A86C-4F013D278188}.Release|Any CPU.Build.0 = Release|Any CPU
	EndGlobalSection
	GlobalSection(SolutionProperties) = preSolution
		HideSolutionNode = FALSE
	EndGlobalSection
	GlobalSection(ExtensibilityGlobals) = postSolution
		SolutionGuid = {BBC5DF22-D492-4864-9E76-EBE97F82D77C}
	EndGlobalSection
EndGlobal
